
Microsoft Visual Studio Solution File, Format Version 12.00
# Visual Studio Version 16
VisualStudioVersion = 16.0.30320.27
MinimumVisualStudioVersion = 10.0.40219.1
Project("{FAE04EC0-301F-11D3-BF4B-00C04F79EFBC}") = "MinecraftSchematicTo3DModel", "MinecraftSchematicTo3DModel\MinecraftSchematicTo3DModel.csproj", "{49DC0B71-F5C7-4B60-994E-F21D45FD75AD}"
EndProject
Global
	GlobalSection(SolutionConfigurationPlatforms) = preSolution
		Debug|Any CPU = Debug|Any CPU
		Release|Any CPU = Release|Any CPU
	EndGlobalSection
	GlobalSection(ProjectConfigurationPlatforms) = postSolution
		{49DC0B71-F5C7-4B60-994E-F21D45FD75AD}.Debug|Any CPU.ActiveCfg = Debug|Any CPU
		{49DC0B71-F5C7-4B60-994E-F21D45FD75AD}.Debug|Any CPU.Build.0 = Debug|Any CPU
		{49DC0B71-F5C7-4B60-994E-F21D45FD75AD}.Release|Any CPU.ActiveCfg = Release|Any CPU
		{49DC0B71-F5C7-4B60-994E-F21D45FD75AD}.Release|Any CPU.Build.0 = Release|Any CPU
	EndGlobalSection
	GlobalSection(SolutionProperties) = preSolution
		HideSolutionNode = FALSE
	EndGlobalSection
	GlobalSection(ExtensibilityGlobals) = postSolution
		SolutionGuid = {ED02BE1C-A7E3-487E-B40A-789EE8597DAD}
	EndGlobalSection
EndGlobal
